// !$*UTF8*$!
{
	archiveVersion = 1;
	classes = {
	};
	objectVersion = 77;
	objects = {

/* Begin PBXContainerItemProxy section */
		492166BD2EFC610700E49716 /* PBXContainerItemProxy */ = {
			isa = PBXContainerItemProxy;
			containerPortal = 4921669E2EFC610600E49716 /* Project object */;
			proxyType = 1;
			remoteGlobalIDString = 492166A52EFC610600E49716;
			remoteInfo = TinyVitalsSymptomsTracker;
		};
		492166C72EFC610700E49716 /* PBXContainerItemProxy */ = {
			isa = PBXContainerItemProxy;
			containerPortal = 4921669E2EFC610600E49716 /* Project object */;
			proxyType = 1;
			remoteGlobalIDString = 492166A52EFC610600E49716;
			remoteInfo = TinyVitalsSymptomsTracker;
		};
/* End PBXContainerItemProxy section */

/* Begin PBXFileReference section */
		492166A62EFC610600E49716 /* TinyVitalsSymptomsTracker.app */ = {isa = PBXFileReference; explicitFileType = wrapper.application; includeInIndex = 0; path = TinyVitalsSymptomsTracker.app; sourceTree = BUILT_PRODUCTS_DIR; };
		492166BC2EFC610700E49716 /* TinyVitalsSymptomsTrackerTests.xctest */ = {isa = PBXFileReference; explicitFileType = wrapper.cfbundle; includeInIndex = 0; path = TinyVitalsSymptomsTrackerTests.xctest; sourceTree = BUILT_PRODUCTS_DIR; };
		492166C62EFC610700E49716 /* TinyVitalsSymptomsTrackerUITests.xctest */ = {isa = PBXFileReference; explicitFileType = wrapper.cfbundle; includeInIndex = 0; path = TinyVitalsSymptomsTrackerUITests.xctest; sourceTree = BUILT_PRODUCTS_DIR; };
/* End PBXFileReference section */

/* Begin PBXFileSystemSynchronizedBuildFileExceptionSet section */
		492166CE2EFC610700E49716 /* Exceptions for "TinyVitalsSymptomsTracker" folder in "TinyVitalsSymptomsTracker" target */ = {
			isa = PBXFileSystemSynchronizedBuildFileExceptionSet;
			membershipExceptions = (
				Info.plist,
			);
			target = 492166A52EFC610600E49716 /* TinyVitalsSymptomsTracker */;
		};
/* End PBXFileSystemSynchronizedBuildFileExceptionSet section */

/* Begin PBXFileSystemSynchronizedRootGroup section */
		492166A82EFC610600E49716 /* TinyVitalsSymptomsTracker */ = {
			isa = PBXFileSystemSynchronizedRootGroup;
			exceptions = (
				492166CE2EFC610700E49716 /* Exceptions for "TinyVitalsSymptomsTracker" folder in "TinyVitalsSymptomsTracker" target */,
			);
			path = TinyVitalsSymptomsTracker;
			sourceTree = "<group>";
		};
		492166BF2EFC610700E49716 /* TinyVitalsSymptomsTrackerTests */ = {
			isa = PBXFileSystemSynchronizedRootGroup;
			path = TinyVitalsSymptomsTrackerTests;
			sourceTree = "<group>";
		};
		492166C92EFC610700E49716 /* TinyVitalsSymptomsTrackerUITests */ = {
			isa = PBXFileSystemSynchronizedRootGroup;
			path = TinyVitalsSymptomsTrackerUITests;
			sourceTree = "<group>";
		};
/* End PBXFileSystemSynchronizedRootGroup section */

/* Begin PBXFrameworksBuildPhase section */
		492166A32EFC610600E49716 /* Frameworks */ = {
			isa = PBXFrameworksBuildPhase;
			buildActionMask = 2147483647;
			files = (
			);
			runOnlyForDeploymentPostprocessing = 0;
		};
		492166B92EFC610700E49716 /* Frameworks */ = {
			isa = PBXFrameworksBuildPhase;
			buildActionMask = 2147483647;
			files = (
			);
			runOnlyForDeploymentPostprocessing = 0;
		};
		492166C32EFC610700E49716 /* Frameworks */ = {
			isa = PBXFrameworksBuildPhase;
			buildActionMask = 2147483647;
			files = (
			);
			runOnlyForDeploymentPostprocessing = 0;
		};
/* End PBXFrameworksBuildPhase section */

/* Begin PBXGroup section */
		4921669D2EFC610600E49716 = {
			isa = PBXGroup;
			children = (
				492166A82EFC610600E49716 /* TinyVitalsSymptomsTracker */,
				492166BF2EFC610700E49716 /* TinyVitalsSymptomsTrackerTests */,
				492166C92EFC610700E49716 /* TinyVitalsSymptomsTrackerUITests */,
				492166A72EFC610600E49716 /* Products */,
			);
			sourceTree = "<group>";
		};
		492166A72EFC610600E49716 /* Products */ = {
			isa = PBXGroup;
			children = (
				492166A62EFC610600E49716 /* TinyVitalsSymptomsTracker.app */,
				492166BC2EFC610700E49716 /* TinyVitalsSymptomsTrackerTests.xctest */,
				492166C62EFC610700E49716 /* TinyVitalsSymptomsTrackerUITests.xctest */,
			);
			name = Products;
			sourceTree = "<group>";
		};
/* End PBXGroup section */

/* Begin PBXNativeTarget section */
		492166A52EFC610600E49716 /* TinyVitalsSymptomsTracker */ = {
			isa = PBXNativeTarget;
			buildConfigurationList = 492166CF2EFC610700E49716 /* Build configuration list for PBXNativeTarget "TinyVitalsSymptomsTracker" */;
			buildPhases = (
				492166A22EFC610600E49716 /* Sources */,
				492166A32EFC610600E49716 /* Frameworks */,
				492166A42EFC610600E49716 /* Resources */,
			);
			buildRules = (
			);
			dependencies = (
			);
			fileSystemSynchronizedGroups = (
				492166A82EFC610600E49716 /* TinyVitalsSymptomsTracker */,
			);
			name = TinyVitalsSymptomsTracker;
			packageProductDependencies = (
			);
			productName = TinyVitalsSymptomsTracker;
			productReference = 492166A62EFC610600E49716 /* TinyVitalsSymptomsTracker.app */;
			productType = "com.apple.product-type.application";
		};
		492166BB2EFC610700E49716 /* TinyVitalsSymptomsTrackerTests */ = {
			isa = PBXNativeTarget;
			buildConfigurationList = 492166D42EFC610700E49716 /* Build configuration list for PBXNativeTarget "TinyVitalsSymptomsTrackerTests" */;
			buildPhases = (
				492166B82EFC610700E49716 /* Sources */,
				492166B92EFC610700E49716 /* Frameworks */,
				492166BA2EFC610700E49716 /* Resources */,
			);
			buildRules = (
			);
			dependencies = (
				492166BE2EFC610700E49716 /* PBXTargetDependency */,
			);
			fileSystemSynchronizedGroups = (
				492166BF2EFC610700E49716 /* TinyVitalsSymptomsTrackerTests */,
			);
			name = TinyVitalsSymptomsTrackerTests;
			packageProductDependencies = (
			);
			productName = TinyVitalsSymptomsTrackerTests;
			productReference = 492166BC2EFC610700E49716 /* TinyVitalsSymptomsTrackerTests.xctest */;
			productType = "com.apple.product-type.bundle.unit-test";
		};
		492166C52EFC610700E49716 /* TinyVitalsSymptomsTrackerUITests */ = {
			isa = PBXNativeTarget;
			buildConfigurationList = 492166D72EFC610700E49716 /* Build configuration list for PBXNativeTarget "TinyVitalsSymptomsTrackerUITests" */;
			buildPhases = (
				492166C22EFC610700E49716 /* Sources */,
				492166C32EFC610700E49716 /* Frameworks */,
				492166C42EFC610700E49716 /* Resources */,
			);
			buildRules = (
			);
			dependencies = (
				492166C82EFC610700E49716 /* PBXTargetDependency */,
			);
			fileSystemSynchronizedGroups = (
				492166C92EFC610700E49716 /* TinyVitalsSymptomsTrackerUITests */,
			);
			name = TinyVitalsSymptomsTrackerUITests;
			packageProductDependencies = (
			);
			productName = TinyVitalsSymptomsTrackerUITests;
			productReference = 492166C62EFC610700E49716 /* TinyVitalsSymptomsTrackerUITests.xctest */;
			productType = "com.apple.product-type.bundle.ui-testing";
		};
/* End PBXNativeTarget section */

/* Begin PBXProject section */
		4921669E2EFC610600E49716 /* Project object */ = {
			isa = PBXProject;
			attributes = {
				BuildIndependentTargetsInParallel = 1;
				LastSwiftUpdateCheck = 2610;
				LastUpgradeCheck = 2610;
				TargetAttributes = {
					492166A52EFC610600E49716 = {
						CreatedOnToolsVersion = 26.1.1;
					};
					492166BB2EFC610700E49716 = {
						CreatedOnToolsVersion = 26.1.1;
						TestTargetID = 492166A52EFC610600E49716;
					};
					492166C52EFC610700E49716 = {
						CreatedOnToolsVersion = 26.1.1;
						TestTargetID = 492166A52EFC610600E49716;
					};
				};
			};
			buildConfigurationList = 492166A12EFC610600E49716 /* Build configuration list for PBXProject "TinyVitalsSymptomsTracker" */;
			developmentRegion = en;
			hasScannedForEncodings = 0;
			knownRegions = (
				en,
				Base,
			);
			mainGroup = 4921669D2EFC610600E49716;
			minimizedProjectReferenceProxies = 1;
			preferredProjectObjectVersion = 77;
			productRefGroup = 492166A72EFC610600E49716 /* Products */;
			projectDirPath = "";
			projectRoot = "";
			targets = (
				492166A52EFC610600E49716 /* TinyVitalsSymptomsTracker */,
				492166BB2EFC610700E49716 /* TinyVitalsSymptomsTrackerTests */,
				492166C52EFC610700E49716 /* TinyVitalsSymptomsTrackerUITests */,
			);
		};
/* End PBXProject section */

/* Begin PBXResourcesBuildPhase section */
		492166A42EFC610600E49716 /* Resources */ = {
			isa = PBXResourcesBuildPhase;
			buildActionMask = 2147483647;
			files = (
			);
			runOnlyForDeploymentPostprocessing = 0;
		};
		492166BA2EFC610700E49716 /* Resources */ = {
			isa = PBXResourcesBuildPhase;
			buildActionMask = 2147483647;
			files = (
			);
			runOnlyForDeploymentPostprocessing = 0;
		};
		492166C42EFC610700E49716 /* Resources */ = {
			isa = PBXResourcesBuildPhase;
			buildActionMask = 2147483647;
			files = (
			);
			runOnlyForDeploymentPostprocessing = 0;
		};
/* End PBXResourcesBuildPhase section */

/* Begin PBXSourcesBuildPhase section */
		492166A22EFC610600E49716 /* Sources */ = {
			isa = PBXSourcesBuildPhase;
			buildActionMask = 2147483647;
			files = (
			);
			runOnlyForDeploymentPostprocessing = 0;
		};
		492166B82EFC610700E49716 /* Sources */ = {
			isa = PBXSourcesBuildPhase;
			buildActionMask = 2147483647;
			files = (
			);
			runOnlyForDeploymentPostprocessing = 0;
		};
		492166C22EFC610700E49716 /* Sources */ = {
			isa = PBXSourcesBuildPhase;
			buildActionMask = 2147483647;
			files = (
			);
			runOnlyForDeploymentPostprocessing = 0;
		};
/* End PBXSourcesBuildPhase section */

/* Begin PBXTargetDependency section */
		492166BE2EFC610700E49716 /* PBXTargetDependency */ = {
			isa = PBXTargetDependency;
			target = 492166A52EFC610600E49716 /* TinyVitalsSymptomsTracker */;
			targetProxy = 492166BD2EFC610700E49716 /* PBXContainerItemProxy */;
		};
		492166C82EFC610700E49716 /* PBXTargetDependency */ = {
			isa = PBXTargetDependency;
			target = 492166A52EFC610600E49716 /* TinyVitalsSymptomsTracker */;
			targetProxy = 492166C72EFC610700E49716 /* PBXContainerItemProxy */;
		};
/* End PBXTargetDependency section */

/* Begin XCBuildConfiguration section */
		492166D02EFC610700E49716 /* Debug */ = {
			isa = XCBuildConfiguration;
			buildSettings = {
				ASSETCATALOG_COMPILER_APPICON_NAME = AppIcon;
				ASSETCATALOG_COMPILER_GLOBAL_ACCENT_COLOR_NAME = AccentColor;
				CODE_SIGN_STYLE = Automatic;
				CURRENT_PROJECT_VERSION = 1;
				GENERATE_INFOPLIST_FILE = YES;
				INFOPLIST_FILE = TinyVitalsSymptomsTracker/Info.plist;
				INFOPLIST_KEY_UIApplicationSupportsIndirectInputEvents = YES;
				INFOPLIST_KEY_UILaunchStoryboardName = LaunchScreen;
				INFOPLIST_KEY_UIMainStoryboardFile = Main;
				INFOPLIST_KEY_UISupportedInterfaceOrientations_iPad = "UIInterfaceOrientationPortrait UIInterfaceOrientationPortraitUpsideDown UIInterfaceOrientationLandscapeLeft UIInterfaceOrientationLandscapeRight";
				INFOPLIST_KEY_UISupportedInterfaceOrientations_iPhone = "UIInterfaceOrientationPortrait UIInterfaceOrientationLandscapeLeft UIInterfaceOrientationLandscapeRight";
				LD_RUNPATH_SEARCH_PATHS = (
					"$(inherited)",
					"@executable_path/Frameworks",
				);
				MARKETING_VERSION = 1.0;
				PRODUCT_BUNDLE_IDENTIFIER = com.sample.TinyVitalsSymptomsTracker;
				PRODUCT_NAME = "$(TARGET_NAME)";
				STRING_CATALOG_GENERATE_SYMBOLS = YES;
				SWIFT_APPROACHABLE_CONCURRENCY = YES;
				SWIFT_DEFAULT_ACTOR_ISOLATION = MainActor;
				SWIFT_EMIT_LOC_STRINGS = YES;
				SWIFT_UPCOMING_FEATURE_MEMBER_IMPORT_VISIBILITY = YES;
				SWIFT_VERSION = 5.0;
				TARGETED_DEVICE_FAMILY = "1,2";
			};
			name = Debug;
		};
		492166D12EFC610700E49716 /* Release */ = {
			isa = XCBuildConfiguration;
			buildSettings = {
				ASSETCATALOG_COMPILER_APPICON_NAME = AppIcon;
				ASSETCATALOG_COMPILER_GLOBAL_ACCENT_COLOR_NAME = AccentColor;
				CODE_SIGN_STYLE = Automatic;
				CURRENT_PROJECT_VERSION = 1;
				GENERATE_INFOPLIST_FILE = YES;
				INFOPLIST_FILE = TinyVitalsSymptomsTracker/Info.plist;
				INFOPLIST_KEY_UIApplicationSupportsIndirectInputEvents = YES;
				INFOPLIST_KEY_UILaunchStoryboardName = LaunchScreen;
				INFOPLIST_KEY_UIMainStoryboardFile = Main;
				INFOPLIST_KEY_UISupportedInterfaceOrientations_iPad = "UIInterfaceOrientationPortrait UIInterfaceOrientationPortraitUpsideDown UIInterfaceOrientationLandscapeLeft UIInterfaceOrientationLandscapeRight";
				INFOPLIST_KEY_UISupportedInterfaceOrientations_iPhone = "UIInterfaceOrientationPortrait UIInterfaceOrientationLandscapeLeft UIInterfaceOrientationLandscapeRight";
				LD_RUNPATH_SEARCH_PATHS = (
					"$(inherited)",
					"@executable_path/Frameworks",
				);
				MARKETING_VERSION = 1.0;
				PRODUCT_BUNDLE_IDENTIFIER = com.sample.TinyVitalsSymptomsTracker;
				PRODUCT_NAME = "$(TARGET_NAME)";
				STRING_CATALOG_GENERATE_SYMBOLS = YES;
				SWIFT_APPROACHABLE_CONCURRENCY = YES;
				SWIFT_DEFAULT_ACTOR_ISOLATION = MainActor;
				SWIFT_EMIT_LOC_STRINGS = YES;
				SWIFT_UPCOMING_FEATURE_MEMBER_IMPORT_VISIBILITY = YES;
				SWIFT_VERSION = 5.0;
				TARGETED_DEVICE_FAMILY = "1,2";
			};
			name = Release;
		};
		492166D22EFC610700E49716 /* Debug */ = {
			isa = XCBuildConfiguration;
			buildSettings = {
				ALWAYS_SEARCH_USER_PATHS = NO;
				ASSETCATALOG_COMPILER_GENERATE_SWIFT_ASSET_SYMBOL_EXTENSIONS = YES;
				CLANG_ANALYZER_NONNULL = YES;
				CLANG_ANALYZER_NUMBER_OBJECT_CONVERSION = YES_AGGRESSIVE;
				CLANG_CXX_LANGUAGE_STANDARD = "gnu++20";
				CLANG_ENABLE_MODULES = YES;
				CLANG_ENABLE_OBJC_ARC = YES;
				CLANG_ENABLE_OBJC_WEAK = YES;
				CLANG_WARN_BLOCK_CAPTURE_AUTORELEASING = YES;
				CLANG_WARN_BOOL_CONVERSION = YES;
				CLANG_WARN_COMMA = YES;
				CLANG_WARN_CONSTANT_CONVERSION = YES;
				CLANG_WARN_DEPRECATED_OBJC_IMPLEMENTATIONS = YES;
				CLANG_WARN_DIRECT_OBJC_ISA_USAGE = YES_ERROR;
				CLANG_WARN_DOCUMENTATION_COMMENTS = YES;
				CLANG_WARN_EMPTY_BODY = YES;
				CLANG_WARN_ENUM_CONVERSION = YES;
				CLANG_WARN_INFINITE_RECURSION = YES;
				CLANG_WARN_INT_CONVERSION = YES;
				CLANG_WARN_NON_LITERAL_NULL_CONVERSION = YES;
				CLANG_WARN_OBJC_IMPLICIT_RETAIN_SELF = YES;
				CLANG_WARN_OBJC_LITERAL_CONVERSION = YES;
				CLANG_WARN_OBJC_ROOT_CLASS = YES_ERROR;
				CLANG_WARN_QUOTED_INCLUDE_IN_FRAMEWORK_HEADER = YES;
				CLANG_WARN_RANGE_LOOP_ANALYSIS = YES;
				CLANG_WARN_STRICT_PROTOTYPES = YES;
				CLANG_WARN_SUSPICIOUS_MOVE = YES;
				CLANG_WARN_UNGUARDED_AVAILABILITY = YES_AGGRESSIVE;
				CLANG_WARN_UNREACHABLE_CODE = YES;
				CLANG_WARN__DUPLICATE_METHOD_MATCH = YES;
				COPY_PHASE_STRIP = NO;
				DEBUG_INFORMATION_FORMAT = dwarf;
				ENABLE_STRICT_OBJC_MSGSEND = YES;
				ENABLE_TESTABILITY = YES;
				ENABLE_USER_SCRIPT_SANDBOXING = YES;
				GCC_C_LANGUAGE_STANDARD = gnu17;
				GCC_DYNAMIC_NO_PIC = NO;
				GCC_NO_COMMON_BLOCKS = YES;
				GCC_OPTIMIZATION_LEVEL = 0;
				GCC_PREPROCESSOR_DEFINITIONS = (
					"DEBUG=1",
					"$(inherited)",
				);
				GCC_WARN_64_TO_32_BIT_CONVERSION = YES;
				GCC_WARN_ABOUT_RETURN_TYPE = YES_ERROR;
				GCC_WARN_UNDECLARED_SELECTOR = YES;
				GCC_WARN_UNINITIALIZED_AUTOS = YES_AGGRESSIVE;
				GCC_WARN_UNUSED_FUNCTION = YES;
				GCC_WARN_UNUSED_VARIABLE = YES;
				IPHONEOS_DEPLOYMENT_TARGET = 26.1;
				LOCALIZATION_PREFERS_STRING_CATALOGS = YES;
				MTL_ENABLE_DEBUG_INFO = INCLUDE_SOURCE;
				MTL_FAST_MATH = YES;
				ONLY_ACTIVE_ARCH = YES;
				SDKROOT = iphoneos;
				SWIFT_ACTIVE_COMPILATION_CONDITIONS = "DEBUG $(inherited)";
				SWIFT_OPTIMIZATION_LEVEL = "-Onone";
			};
			name = Debug;
		};
		492166D32EFC610700E49716 /* Release */ = {
			isa = XCBuildConfiguration;
			buildSettings = {
				ALWAYS_SEARCH_USER_PATHS = NO;
				ASSETCATALOG_COMPILER_GENERATE_SWIFT_ASSET_SYMBOL_EXTENSIONS = YES;
				CLANG_ANALYZER_NONNULL = YES;
				CLANG_ANALYZER_NUMBER_OBJECT_CONVERSION = YES_AGGRESSIVE;
				CLANG_CXX_LANGUAGE_STANDARD = "gnu++20";
				CLANG_ENABLE_MODULES = YES;
				CLANG_ENABLE_OBJC_ARC = YES;
				CLANG_ENABLE_OBJC_WEAK = YES;
				CLANG_WARN_BLOCK_CAPTURE_AUTORELEASING = YES;
				CLANG_WARN_BOOL_CONVERSION = YES;
				CLANG_WARN_COMMA = YES;
				CLANG_WARN_CONSTANT_CONVERSION = YES;
				CLANG_WARN_DEPRECATED_OBJC_IMPLEMENTATIONS = YES;
				CLANG_WARN_DIRECT_OBJC_ISA_USAGE = YES_ERROR;
				CLANG_WARN_DOCUMENTATION_COMMENTS = YES;
				CLANG_WARN_EMPTY_BODY = YES;
				CLANG_WARN_ENUM_CONVERSION = YES;
				CLANG_WARN_INFINITE_RECURSION = YES;
				CLANG_WARN_INT_CONVERSION = YES;
				CLANG_WARN_NON_LITERAL_NULL_CONVERSION = YES;
				CLANG_WARN_OBJC_IMPLICIT_RETAIN_SELF = YES;
				CLANG_WARN_OBJC_LITERAL_CONVERSION = YES;
				CLANG_WARN_OBJC_ROOT_CLASS = YES_ERROR;
				CLANG_WARN_QUOTED_INCLUDE_IN_FRAMEWORK_HEADER = YES;
				CLANG_WARN_RANGE_LOOP_ANALYSIS = YES;
				CLANG_WARN_STRICT_PROTOTYPES = YES;
				CLANG_WARN_SUSPICIOUS_MOVE = YES;
				CLANG_WARN_UNGUARDED_AVAILABILITY = YES_AGGRESSIVE;
				CLANG_WARN_UNREACHABLE_CODE = YES;
				CLANG_WARN__DUPLICATE_METHOD_MATCH = YES;
				COPY_PHASE_STRIP = NO;
				DEBUG_INFORMATION_FORMAT = "dwarf-with-dsym";
				ENABLE_NS_ASSERTIONS = NO;
				ENABLE_STRICT_OBJC_MSGSEND = YES;
				ENABLE_USER_SCRIPT_SANDBOXING = YES;
				GCC_C_LANGUAGE_STANDARD = gnu17;
				GCC_NO_COMMON_BLOCKS = YES;
				GCC_WARN_64_TO_32_BIT_CONVERSION = YES;
				GCC_WARN_ABOUT_RETURN_TYPE = YES_ERROR;
				GCC_WARN_UNDECLARED_SELECTOR = YES;
				GCC_WARN_UNINITIALIZED_AUTOS = YES_AGGRESSIVE;
				GCC_WARN_UNUSED_FUNCTION = YES;
				GCC_WARN_UNUSED_VARIABLE = YES;
				IPHONEOS_DEPLOYMENT_TARGET = 26.1;
				LOCALIZATION_PREFERS_STRING_CATALOGS = YES;
				MTL_ENABLE_DEBUG_INFO = NO;
				MTL_FAST_MATH = YES;
				SDKROOT = iphoneos;
				SWIFT_COMPILATION_MODE = wholemodule;
				VALIDATE_PRODUCT = YES;
			};
			name = Release;
		};
		492166D52EFC610700E49716 /* Debug */ = {
			isa = XCBuildConfiguration;
			buildSettings = {
				BUNDLE_LOADER = "$(TEST_HOST)";
				CODE_SIGN_STYLE = Automatic;
				CURRENT_PROJECT_VERSION = 1;
				GENERATE_INFOPLIST_FILE = YES;
				IPHONEOS_DEPLOYMENT_TARGET = 26.1;
				MARKETING_VERSION = 1.0;
				PRODUCT_BUNDLE_IDENTIFIER = com.sample.TinyVitalsSymptomsTrackerTests;
				PRODUCT_NAME = "$(TARGET_NAME)";
				STRING_CATALOG_GENERATE_SYMBOLS = NO;
				SWIFT_APPROACHABLE_CONCURRENCY = YES;
				SWIFT_EMIT_LOC_STRINGS = NO;
				SWIFT_UPCOMING_FEATURE_MEMBER_IMPORT_VISIBILITY = YES;
				SWIFT_VERSION = 5.0;
				TARGETED_DEVICE_FAMILY = "1,2";
				TEST_HOST = "$(BUILT_PRODUCTS_DIR)/TinyVitalsSymptomsTracker.app/$(BUNDLE_EXECUTABLE_FOLDER_PATH)/TinyVitalsSymptomsTracker";
			};
			name = Debug;
		};
		492166D62EFC610700E49716 /* Release */ = {
			isa = XCBuildConfiguration;
			buildSettings = {
				BUNDLE_LOADER = "$(TEST_HOST)";
				CODE_SIGN_STYLE = Automatic;
				CURRENT_PROJECT_VERSION = 1;
				GENERATE_INFOPLIST_FILE = YES;
				IPHONEOS_DEPLOYMENT_TARGET = 26.1;
				MARKETING_VERSION = 1.0;
				PRODUCT_BUNDLE_IDENTIFIER = com.sample.TinyVitalsSymptomsTrackerTests;
				PRODUCT_NAME = "$(TARGET_NAME)";
				STRING_CATALOG_GENERATE_SYMBOLS = NO;
				SWIFT_APPROACHABLE_CONCURRENCY = YES;
				SWIFT_EMIT_LOC_STRINGS = NO;
				SWIFT_UPCOMING_FEATURE_MEMBER_IMPORT_VISIBILITY = YES;
				SWIFT_VERSION = 5.0;
				TARGETED_DEVICE_FAMILY = "1,2";
				TEST_HOST = "$(BUILT_PRODUCTS_DIR)/TinyVitalsSymptomsTracker.app/$(BUNDLE_EXECUTABLE_FOLDER_PATH)/TinyVitalsSymptomsTracker";
			};
			name = Release;
		};
		492166D82EFC610700E49716 /* Debug */ = {
			isa = XCBuildConfiguration;
			buildSettings = {
				CODE_SIGN_STYLE = Automatic;
				CURRENT_PROJECT_VERSION = 1;
				GENERATE_INFOPLIST_FILE = YES;
				MARKETING_VERSION = 1.0;
				PRODUCT_BUNDLE_IDENTIFIER = com.sample.TinyVitalsSymptomsTrackerUITests;
				PRODUCT_NAME = "$(TARGET_NAME)";
				STRING_CATALOG_GENERATE_SYMBOLS = NO;
				SWIFT_APPROACHABLE_CONCURRENCY = YES;
				SWIFT_EMIT_LOC_STRINGS = NO;
				SWIFT_UPCOMING_FEATURE_MEMBER_IMPORT_VISIBILITY = YES;
				SWIFT_VERSION = 5.0;
				TARGETED_DEVICE_FAMILY = "1,2";
				TEST_TARGET_NAME = TinyVitalsSymptomsTracker;
			};
			name = Debug;
		};
		492166D92EFC610700E49716 /* Release */ = {
			isa = XCBuildConfiguration;
			buildSettings = {
				CODE_SIGN_STYLE = Automatic;
				CURRENT_PROJECT_VERSION = 1;
				GENERATE_INFOPLIST_FILE = YES;
				MARKETING_VERSION = 1.0;
				PRODUCT_BUNDLE_IDENTIFIER = com.sample.TinyVitalsSymptomsTrackerUITests;
				PRODUCT_NAME = "$(TARGET_NAME)";
				STRING_CATALOG_GENERATE_SYMBOLS = NO;
				SWIFT_APPROACHABLE_CONCURRENCY = YES;
				SWIFT_EMIT_LOC_STRINGS = NO;
				SWIFT_UPCOMING_FEATURE_MEMBER_IMPORT_VISIBILITY = YES;
				SWIFT_VERSION = 5.0;
				TARGETED_DEVICE_FAMILY = "1,2";
				TEST_TARGET_NAME = TinyVitalsSymptomsTracker;
			};
			name = Release;
		};
/* End XCBuildConfiguration section */

/* Begin XCConfigurationList section */
		492166A12EFC610600E49716 /* Build configuration list for PBXProject "TinyVitalsSymptomsTracker" */ = {
			isa = XCConfigurationList;
			buildConfigurations = (
				492166D22EFC610700E49716 /* Debug */,
				492166D32EFC610700E49716 /* Release */,
			);
			defaultConfigurationIsVisible = 0;
			defaultConfigurationName = Release;
		};
		492166CF2EFC610700E49716 /* Build configuration list for PBXNativeTarget "TinyVitalsSymptomsTracker" */ = {
			isa = XCConfigurationList;
			buildConfigurations = (
				492166D02EFC610700E49716 /* Debug */,
				492166D12EFC610700E49716 /* Release */,
			);
			defaultConfigurationIsVisible = 0;
			defaultConfigurationName = Release;
		};
		492166D42EFC610700E49716 /* Build configuration list for PBXNativeTarget "TinyVitalsSymptomsTrackerTests" */ = {
			isa = XCConfigurationList;
			buildConfigurations = (
				492166D52EFC610700E49716 /* Debug */,
				492166D62EFC610700E49716 /* Release */,
			);
			defaultConfigurationIsVisible = 0;
			defaultConfigurationName = Release;
		};
		492166D72EFC610700E49716 /* Build configuration list for PBXNativeTarget "TinyVitalsSymptomsTrackerUITests" */ = {
			isa = XCConfigurationList;
			buildConfigurations = (
				492166D82EFC610700E49716 /* Debug */,
				492166D92EFC610700E49716 /* Release */,
			);
			defaultConfigurationIsVisible = 0;
			defaultConfigurationName = Release;
		};
/* End XCConfigurationList section */
	};
	rootObject = 4921669E2EFC610600E49716 /* Project object */;
}
